// !$*UTF8*$!
{
	archiveVersion = 1;
	classes = {
	};
	objectVersion = 56;
	objects = {

/* Begin PBXBuildFile section */
		D8934C66296F016800A04BA5 /* TokipwnageApp.swift in Sources */ = {isa = PBXBuildFile; fileRef = D8934C65296F016800A04BA5 /* TokipwnageApp.swift */; };
		D8934C68296F016800A04BA5 /* ContentView.swift in Sources */ = {isa = PBXBuildFile; fileRef = D8934C67296F016800A04BA5 /* ContentView.swift */; };
		D8934C6A296F016900A04BA5 /* Assets.xcassets in Resources */ = {isa = PBXBuildFile; fileRef = D8934C69296F016900A04BA5 /* Assets.xcassets */; };
		D8934C6E296F016900A04BA5 /* Preview Assets.xcassets in Resources */ = {isa = PBXBuildFile; fileRef = D8934C6D296F016900A04BA5 /* Preview Assets.xcassets */; };
		D8934C78296F016900A04BA5 /* TokipwnageTests.swift in Sources */ = {isa = PBXBuildFile; fileRef = D8934C77296F016900A04BA5 /* TokipwnageTests.swift */; };
		D8934C82296F016900A04BA5 /* TokipwnageUITests.swift in Sources */ = {isa = PBXBuildFile; fileRef = D8934C81296F016900A04BA5 /* TokipwnageUITests.swift */; };
		D8934C84296F016900A04BA5 /* TokipwnageUITestsLaunchTests.swift in Sources */ = {isa = PBXBuildFile; fileRef = D8934C83296F016900A04BA5 /* TokipwnageUITestsLaunchTests.swift */; };
		D8934C91296F01D300A04BA5 /* Toki.swift in Sources */ = {isa = PBXBuildFile; fileRef = D8934C90296F01D300A04BA5 /* Toki.swift */; };
		D8934C95296F151600A04BA5 /* WordsProvider.swift in Sources */ = {isa = PBXBuildFile; fileRef = D8934C94296F151600A04BA5 /* WordsProvider.swift */; };
		D8934C97296F15AF00A04BA5 /* WordsListView.swift in Sources */ = {isa = PBXBuildFile; fileRef = D8934C96296F15AF00A04BA5 /* WordsListView.swift */; };
		D8934C99296F15CA00A04BA5 /* WordView.swift in Sources */ = {isa = PBXBuildFile; fileRef = D8934C98296F15CA00A04BA5 /* WordView.swift */; };
		D8934C9B296F733C00A04BA5 /* Speaker.swift in Sources */ = {isa = PBXBuildFile; fileRef = D8934C9A296F733C00A04BA5 /* Speaker.swift */; };
		D8934C9D296F77DA00A04BA5 /* PreferencesView.swift in Sources */ = {isa = PBXBuildFile; fileRef = D8934C9C296F77DA00A04BA5 /* PreferencesView.swift */; };
		D8934C9F296F834B00A04BA5 /* Preferences.swift in Sources */ = {isa = PBXBuildFile; fileRef = D8934C9E296F834B00A04BA5 /* Preferences.swift */; };
/* End PBXBuildFile section */

/* Begin PBXContainerItemProxy section */
		D8934C74296F016900A04BA5 /* PBXContainerItemProxy */ = {
			isa = PBXContainerItemProxy;
			containerPortal = D8934C5A296F016700A04BA5 /* Project object */;
			proxyType = 1;
			remoteGlobalIDString = D8934C61296F016700A04BA5;
			remoteInfo = Tokipwnage;
		};
		D8934C7E296F016900A04BA5 /* PBXContainerItemProxy */ = {
			isa = PBXContainerItemProxy;
			containerPortal = D8934C5A296F016700A04BA5 /* Project object */;
			proxyType = 1;
			remoteGlobalIDString = D8934C61296F016700A04BA5;
			remoteInfo = Tokipwnage;
		};
/* End PBXContainerItemProxy section */

/* Begin PBXFileReference section */
		D8934C62296F016700A04BA5 /* Tokipwnage.app */ = {isa = PBXFileReference; explicitFileType = wrapper.application; includeInIndex = 0; path = Tokipwnage.app; sourceTree = BUILT_PRODUCTS_DIR; };
		D8934C65296F016800A04BA5 /* TokipwnageApp.swift */ = {isa = PBXFileReference; lastKnownFileType = sourcecode.swift; path = TokipwnageApp.swift; sourceTree = "<group>"; };
		D8934C67296F016800A04BA5 /* ContentView.swift */ = {isa = PBXFileReference; lastKnownFileType = sourcecode.swift; path = ContentView.swift; sourceTree = "<group>"; };
		D8934C69296F016900A04BA5 /* Assets.xcassets */ = {isa = PBXFileReference; lastKnownFileType = folder.assetcatalog; path = Assets.xcassets; sourceTree = "<group>"; };
		D8934C6B296F016900A04BA5 /* Tokipwnage.entitlements */ = {isa = PBXFileReference; lastKnownFileType = text.plist.entitlements; path = Tokipwnage.entitlements; sourceTree = "<group>"; };
		D8934C6D296F016900A04BA5 /* Preview Assets.xcassets */ = {isa = PBXFileReference; lastKnownFileType = folder.assetcatalog; path = "Preview Assets.xcassets"; sourceTree = "<group>"; };
		D8934C73296F016900A04BA5 /* TokipwnageTests.xctest */ = {isa = PBXFileReference; explicitFileType = wrapper.cfbundle; includeInIndex = 0; path = TokipwnageTests.xctest; sourceTree = BUILT_PRODUCTS_DIR; };
		D8934C77296F016900A04BA5 /* TokipwnageTests.swift */ = {isa = PBXFileReference; lastKnownFileType = sourcecode.swift; path = TokipwnageTests.swift; sourceTree = "<group>"; };
		D8934C7D296F016900A04BA5 /* TokipwnageUITests.xctest */ = {isa = PBXFileReference; explicitFileType = wrapper.cfbundle; includeInIndex = 0; path = TokipwnageUITests.xctest; sourceTree = BUILT_PRODUCTS_DIR; };
		D8934C81296F016900A04BA5 /* TokipwnageUITests.swift */ = {isa = PBXFileReference; lastKnownFileType = sourcecode.swift; path = TokipwnageUITests.swift; sourceTree = "<group>"; };
		D8934C83296F016900A04BA5 /* TokipwnageUITestsLaunchTests.swift */ = {isa = PBXFileReference; lastKnownFileType = sourcecode.swift; path = TokipwnageUITestsLaunchTests.swift; sourceTree = "<group>"; };
		D8934C90296F01D300A04BA5 /* Toki.swift */ = {isa = PBXFileReference; lastKnownFileType = sourcecode.swift; path = Toki.swift; sourceTree = "<group>"; };
		D8934C94296F151600A04BA5 /* WordsProvider.swift */ = {isa = PBXFileReference; lastKnownFileType = sourcecode.swift; path = WordsProvider.swift; sourceTree = "<group>"; };
		D8934C96296F15AF00A04BA5 /* WordsListView.swift */ = {isa = PBXFileReference; lastKnownFileType = sourcecode.swift; path = WordsListView.swift; sourceTree = "<group>"; };
		D8934C98296F15CA00A04BA5 /* WordView.swift */ = {isa = PBXFileReference; lastKnownFileType = sourcecode.swift; path = WordView.swift; sourceTree = "<group>"; };
		D8934C9A296F733C00A04BA5 /* Speaker.swift */ = {isa = PBXFileReference; lastKnownFileType = sourcecode.swift; path = Speaker.swift; sourceTree = "<group>"; };
		D8934C9C296F77DA00A04BA5 /* PreferencesView.swift */ = {isa = PBXFileReference; lastKnownFileType = sourcecode.swift; path = PreferencesView.swift; sourceTree = "<group>"; };
		D8934C9E296F834B00A04BA5 /* Preferences.swift */ = {isa = PBXFileReference; lastKnownFileType = sourcecode.swift; path = Preferences.swift; sourceTree = "<group>"; };
/* End PBXFileReference section */

/* Begin PBXFrameworksBuildPhase section */
		D8934C5F296F016700A04BA5 /* Frameworks */ = {
			isa = PBXFrameworksBuildPhase;
			buildActionMask = 2147483647;
			files = (
			);
			runOnlyForDeploymentPostprocessing = 0;
		};
		D8934C70296F016900A04BA5 /* Frameworks */ = {
			isa = PBXFrameworksBuildPhase;
			buildActionMask = 2147483647;
			files = (
			);
			runOnlyForDeploymentPostprocessing = 0;
		};
		D8934C7A296F016900A04BA5 /* Frameworks */ = {
			isa = PBXFrameworksBuildPhase;
			buildActionMask = 2147483647;
			files = (
			);
			runOnlyForDeploymentPostprocessing = 0;
		};
/* End PBXFrameworksBuildPhase section */

/* Begin PBXGroup section */
		D8934C59296F016700A04BA5 = {
			isa = PBXGroup;
			children = (
				D8934C64296F016700A04BA5 /* Tokipwnage */,
				D8934C76296F016900A04BA5 /* TokipwnageTests */,
				D8934C80296F016900A04BA5 /* TokipwnageUITests */,
				D8934C63296F016700A04BA5 /* Products */,
			);
			sourceTree = "<group>";
		};
		D8934C63296F016700A04BA5 /* Products */ = {
			isa = PBXGroup;
			children = (
				D8934C62296F016700A04BA5 /* Tokipwnage.app */,
				D8934C73296F016900A04BA5 /* TokipwnageTests.xctest */,
				D8934C7D296F016900A04BA5 /* TokipwnageUITests.xctest */,
			);
			name = Products;
			sourceTree = "<group>";
		};
		D8934C64296F016700A04BA5 /* Tokipwnage */ = {
			isa = PBXGroup;
			children = (
				D8934C90296F01D300A04BA5 /* Toki.swift */,
				D8934C93296F14EF00A04BA5 /* Observables */,
				D8934C92296F14DC00A04BA5 /* Views */,
				D8934C65296F016800A04BA5 /* TokipwnageApp.swift */,
				D8934C69296F016900A04BA5 /* Assets.xcassets */,
				D8934C6B296F016900A04BA5 /* Tokipwnage.entitlements */,
				D8934C6C296F016900A04BA5 /* Preview Content */,
			);
			path = Tokipwnage;
			sourceTree = "<group>";
		};
		D8934C6C296F016900A04BA5 /* Preview Content */ = {
			isa = PBXGroup;
			children = (
				D8934C6D296F016900A04BA5 /* Preview Assets.xcassets */,
			);
			path = "Preview Content";
			sourceTree = "<group>";
		};
		D8934C76296F016900A04BA5 /* TokipwnageTests */ = {
			isa = PBXGroup;
			children = (
				D8934C77296F016900A04BA5 /* TokipwnageTests.swift */,
			);
			path = TokipwnageTests;
			sourceTree = "<group>";
		};
		D8934C80296F016900A04BA5 /* TokipwnageUITests */ = {
			isa = PBXGroup;
			children = (
				D8934C81296F016900A04BA5 /* TokipwnageUITests.swift */,
				D8934C83296F016900A04BA5 /* TokipwnageUITestsLaunchTests.swift */,
			);
			path = TokipwnageUITests;
			sourceTree = "<group>";
		};
		D8934C92296F14DC00A04BA5 /* Views */ = {
			isa = PBXGroup;
			children = (
				D8934C67296F016800A04BA5 /* ContentView.swift */,
				D8934C96296F15AF00A04BA5 /* WordsListView.swift */,
				D8934C98296F15CA00A04BA5 /* WordView.swift */,
				D8934C9C296F77DA00A04BA5 /* PreferencesView.swift */,
			);
			path = Views;
			sourceTree = "<group>";
		};
		D8934C93296F14EF00A04BA5 /* Observables */ = {
			isa = PBXGroup;
			children = (
				D8934C94296F151600A04BA5 /* WordsProvider.swift */,
				D8934C9A296F733C00A04BA5 /* Speaker.swift */,
				D8934C9E296F834B00A04BA5 /* Preferences.swift */,
			);
			path = Observables;
			sourceTree = "<group>";
		};
/* End PBXGroup section */

/* Begin PBXNativeTarget section */
		D8934C61296F016700A04BA5 /* Tokipwnage */ = {
			isa = PBXNativeTarget;
			buildConfigurationList = D8934C87296F016900A04BA5 /* Build configuration list for PBXNativeTarget "Tokipwnage" */;
			buildPhases = (
				D8934C5E296F016700A04BA5 /* Sources */,
				D8934C5F296F016700A04BA5 /* Frameworks */,
				D8934C60296F016700A04BA5 /* Resources */,
			);
			buildRules = (
			);
			dependencies = (
			);
			name = Tokipwnage;
			productName = Tokipwnage;
			productReference = D8934C62296F016700A04BA5 /* Tokipwnage.app */;
			productType = "com.apple.product-type.application";
		};
		D8934C72296F016900A04BA5 /* TokipwnageTests */ = {
			isa = PBXNativeTarget;
			buildConfigurationList = D8934C8A296F016900A04BA5 /* Build configuration list for PBXNativeTarget "TokipwnageTests" */;
			buildPhases = (
				D8934C6F296F016900A04BA5 /* Sources */,
				D8934C70296F016900A04BA5 /* Frameworks */,
				D8934C71296F016900A04BA5 /* Resources */,
			);
			buildRules = (
			);
			dependencies = (
				D8934C75296F016900A04BA5 /* PBXTargetDependency */,
			);
			name = TokipwnageTests;
			productName = TokipwnageTests;
			productReference = D8934C73296F016900A04BA5 /* TokipwnageTests.xctest */;
			productType = "com.apple.product-type.bundle.unit-test";
		};
		D8934C7C296F016900A04BA5 /* TokipwnageUITests */ = {
			isa = PBXNativeTarget;
			buildConfigurationList = D8934C8D296F016900A04BA5 /* Build configuration list for PBXNativeTarget "TokipwnageUITests" */;
			buildPhases = (
				D8934C79296F016900A04BA5 /* Sources */,
				D8934C7A296F016900A04BA5 /* Frameworks */,
				D8934C7B296F016900A04BA5 /* Resources */,
			);
			buildRules = (
			);
			dependencies = (
				D8934C7F296F016900A04BA5 /* PBXTargetDependency */,
			);
			name = TokipwnageUITests;
			productName = TokipwnageUITests;
			productReference = D8934C7D296F016900A04BA5 /* TokipwnageUITests.xctest */;
			productType = "com.apple.product-type.bundle.ui-testing";
		};
/* End PBXNativeTarget section */

/* Begin PBXProject section */
		D8934C5A296F016700A04BA5 /* Project object */ = {
			isa = PBXProject;
			attributes = {
				BuildIndependentTargetsInParallel = 1;
				LastSwiftUpdateCheck = 1410;
				LastUpgradeCheck = 1410;
				TargetAttributes = {
					D8934C61296F016700A04BA5 = {
						CreatedOnToolsVersion = 14.1;
					};
					D8934C72296F016900A04BA5 = {
						CreatedOnToolsVersion = 14.1;
						TestTargetID = D8934C61296F016700A04BA5;
					};
					D8934C7C296F016900A04BA5 = {
						CreatedOnToolsVersion = 14.1;
						TestTargetID = D8934C61296F016700A04BA5;
					};
				};
			};
			buildConfigurationList = D8934C5D296F016700A04BA5 /* Build configuration list for PBXProject "Tokipwnage" */;
			compatibilityVersion = "Xcode 14.0";
			developmentRegion = en;
			hasScannedForEncodings = 0;
			knownRegions = (
				en,
				Base,
			);
			mainGroup = D8934C59296F016700A04BA5;
			productRefGroup = D8934C63296F016700A04BA5 /* Products */;
			projectDirPath = "";
			projectRoot = "";
			targets = (
				D8934C61296F016700A04BA5 /* Tokipwnage */,
				D8934C72296F016900A04BA5 /* TokipwnageTests */,
				D8934C7C296F016900A04BA5 /* TokipwnageUITests */,
			);
		};
/* End PBXProject section */

/* Begin PBXResourcesBuildPhase section */
		D8934C60296F016700A04BA5 /* Resources */ = {
			isa = PBXResourcesBuildPhase;
			buildActionMask = 2147483647;
			files = (
				D8934C6E296F016900A04BA5 /* Preview Assets.xcassets in Resources */,
				D8934C6A296F016900A04BA5 /* Assets.xcassets in Resources */,
			);
			runOnlyForDeploymentPostprocessing = 0;
		};
		D8934C71296F016900A04BA5 /* Resources */ = {
			isa = PBXResourcesBuildPhase;
			buildActionMask = 2147483647;
			files = (
			);
			runOnlyForDeploymentPostprocessing = 0;
		};
		D8934C7B296F016900A04BA5 /* Resources */ = {
			isa = PBXResourcesBuildPhase;
			buildActionMask = 2147483647;
			files = (
			);
			runOnlyForDeploymentPostprocessing = 0;
		};
/* End PBXResourcesBuildPhase section */

/* Begin PBXSourcesBuildPhase section */
		D8934C5E296F016700A04BA5 /* Sources */ = {
			isa = PBXSourcesBuildPhase;
			buildActionMask = 2147483647;
			files = (
				D8934C95296F151600A04BA5 /* WordsProvider.swift in Sources */,
				D8934C68296F016800A04BA5 /* ContentView.swift in Sources */,
				D8934C99296F15CA00A04BA5 /* WordView.swift in Sources */,
				D8934C91296F01D300A04BA5 /* Toki.swift in Sources */,
				D8934C9B296F733C00A04BA5 /* Speaker.swift in Sources */,
				D8934C66296F016800A04BA5 /* TokipwnageApp.swift in Sources */,
				D8934C9D296F77DA00A04BA5 /* PreferencesView.swift in Sources */,
				D8934C97296F15AF00A04BA5 /* WordsListView.swift in Sources */,
				D8934C9F296F834B00A04BA5 /* Preferences.swift in Sources */,
			);
			runOnlyForDeploymentPostprocessing = 0;
		};
		D8934C6F296F016900A04BA5 /* Sources */ = {
			isa = PBXSourcesBuildPhase;
			buildActionMask = 2147483647;
			files = (
				D8934C78296F016900A04BA5 /* TokipwnageTests.swift in Sources */,
			);
			runOnlyForDeploymentPostprocessing = 0;
		};
		D8934C79296F016900A04BA5 /* Sources */ = {
			isa = PBXSourcesBuildPhase;
			buildActionMask = 2147483647;
			files = (
				D8934C82296F016900A04BA5 /* TokipwnageUITests.swift in Sources */,
				D8934C84296F016900A04BA5 /* TokipwnageUITestsLaunchTests.swift in Sources */,
			);
			runOnlyForDeploymentPostprocessing = 0;
		};
/* End PBXSourcesBuildPhase section */

/* Begin PBXTargetDependency section */
		D8934C75296F016900A04BA5 /* PBXTargetDependency */ = {
			isa = PBXTargetDependency;
			target = D8934C61296F016700A04BA5 /* Tokipwnage */;
			targetProxy = D8934C74296F016900A04BA5 /* PBXContainerItemProxy */;
		};
		D8934C7F296F016900A04BA5 /* PBXTargetDependency */ = {
			isa = PBXTargetDependency;
			target = D8934C61296F016700A04BA5 /* Tokipwnage */;
			targetProxy = D8934C7E296F016900A04BA5 /* PBXContainerItemProxy */;
		};
/* End PBXTargetDependency section */

/* Begin XCBuildConfiguration section */
		D8934C85296F016900A04BA5 /* Debug */ = {
			isa = XCBuildConfiguration;
			buildSettings = {
				ALWAYS_SEARCH_USER_PATHS = NO;
				CLANG_ANALYZER_NONNULL = YES;
				CLANG_ANALYZER_NUMBER_OBJECT_CONVERSION = YES_AGGRESSIVE;
				CLANG_CXX_LANGUAGE_STANDARD = "gnu++20";
				CLANG_ENABLE_MODULES = YES;
				CLANG_ENABLE_OBJC_ARC = YES;
				CLANG_ENABLE_OBJC_WEAK = YES;
				CLANG_WARN_BLOCK_CAPTURE_AUTORELEASING = YES;
				CLANG_WARN_BOOL_CONVERSION = YES;
				CLANG_WARN_COMMA = YES;
				CLANG_WARN_CONSTANT_CONVERSION = YES;
				CLANG_WARN_DEPRECATED_OBJC_IMPLEMENTATIONS = YES;
				CLANG_WARN_DIRECT_OBJC_ISA_USAGE = YES_ERROR;
				CLANG_WARN_DOCUMENTATION_COMMENTS = YES;
				CLANG_WARN_EMPTY_BODY = YES;
				CLANG_WARN_ENUM_CONVERSION = YES;
				CLANG_WARN_INFINITE_RECURSION = YES;
				CLANG_WARN_INT_CONVERSION = YES;
				CLANG_WARN_NON_LITERAL_NULL_CONVERSION = YES;
				CLANG_WARN_OBJC_IMPLICIT_RETAIN_SELF = YES;
				CLANG_WARN_OBJC_LITERAL_CONVERSION = YES;
				CLANG_WARN_OBJC_ROOT_CLASS = YES_ERROR;
				CLANG_WARN_QUOTED_INCLUDE_IN_FRAMEWORK_HEADER = YES;
				CLANG_WARN_RANGE_LOOP_ANALYSIS = YES;
				CLANG_WARN_STRICT_PROTOTYPES = YES;
				CLANG_WARN_SUSPICIOUS_MOVE = YES;
				CLANG_WARN_UNGUARDED_AVAILABILITY = YES_AGGRESSIVE;
				CLANG_WARN_UNREACHABLE_CODE = YES;
				CLANG_WARN__DUPLICATE_METHOD_MATCH = YES;
				COPY_PHASE_STRIP = NO;
				DEBUG_INFORMATION_FORMAT = dwarf;
				ENABLE_STRICT_OBJC_MSGSEND = YES;
				ENABLE_TESTABILITY = YES;
				GCC_C_LANGUAGE_STANDARD = gnu11;
				GCC_DYNAMIC_NO_PIC = NO;
				GCC_NO_COMMON_BLOCKS = YES;
				GCC_OPTIMIZATION_LEVEL = 0;
				GCC_PREPROCESSOR_DEFINITIONS = (
					"DEBUG=1",
					"$(inherited)",
				);
				GCC_WARN_64_TO_32_BIT_CONVERSION = YES;
				GCC_WARN_ABOUT_RETURN_TYPE = YES_ERROR;
				GCC_WARN_UNDECLARED_SELECTOR = YES;
				GCC_WARN_UNINITIALIZED_AUTOS = YES_AGGRESSIVE;
				GCC_WARN_UNUSED_FUNCTION = YES;
				GCC_WARN_UNUSED_VARIABLE = YES;
				MTL_ENABLE_DEBUG_INFO = INCLUDE_SOURCE;
				MTL_FAST_MATH = YES;
				ONLY_ACTIVE_ARCH = YES;
				SWIFT_ACTIVE_COMPILATION_CONDITIONS = DEBUG;
				SWIFT_OPTIMIZATION_LEVEL = "-Onone";
			};
			name = Debug;
		};
		D8934C86296F016900A04BA5 /* Release */ = {
			isa = XCBuildConfiguration;
			buildSettings = {
				ALWAYS_SEARCH_USER_PATHS = NO;
				CLANG_ANALYZER_NONNULL = YES;
				CLANG_ANALYZER_NUMBER_OBJECT_CONVERSION = YES_AGGRESSIVE;
				CLANG_CXX_LANGUAGE_STANDARD = "gnu++20";
				CLANG_ENABLE_MODULES = YES;
				CLANG_ENABLE_OBJC_ARC = YES;
				CLANG_ENABLE_OBJC_WEAK = YES;
				CLANG_WARN_BLOCK_CAPTURE_AUTORELEASING = YES;
				CLANG_WARN_BOOL_CONVERSION = YES;
				CLANG_WARN_COMMA = YES;
				CLANG_WARN_CONSTANT_CONVERSION = YES;
				CLANG_WARN_DEPRECATED_OBJC_IMPLEMENTATIONS = YES;
				CLANG_WARN_DIRECT_OBJC_ISA_USAGE = YES_ERROR;
				CLANG_WARN_DOCUMENTATION_COMMENTS = YES;
				CLANG_WARN_EMPTY_BODY = YES;
				CLANG_WARN_ENUM_CONVERSION = YES;
				CLANG_WARN_INFINITE_RECURSION = YES;
				CLANG_WARN_INT_CONVERSION = YES;
				CLANG_WARN_NON_LITERAL_NULL_CONVERSION = YES;
				CLANG_WARN_OBJC_IMPLICIT_RETAIN_SELF = YES;
				CLANG_WARN_OBJC_LITERAL_CONVERSION = YES;
				CLANG_WARN_OBJC_ROOT_CLASS = YES_ERROR;
				CLANG_WARN_QUOTED_INCLUDE_IN_FRAMEWORK_HEADER = YES;
				CLANG_WARN_RANGE_LOOP_ANALYSIS = YES;
				CLANG_WARN_STRICT_PROTOTYPES = YES;
				CLANG_WARN_SUSPICIOUS_MOVE = YES;
				CLANG_WARN_UNGUARDED_AVAILABILITY = YES_AGGRESSIVE;
				CLANG_WARN_UNREACHABLE_CODE = YES;
				CLANG_WARN__DUPLICATE_METHOD_MATCH = YES;
				COPY_PHASE_STRIP = NO;
				DEBUG_INFORMATION_FORMAT = "dwarf-with-dsym";
				ENABLE_NS_ASSERTIONS = NO;
				ENABLE_STRICT_OBJC_MSGSEND = YES;
				GCC_C_LANGUAGE_STANDARD = gnu11;
				GCC_NO_COMMON_BLOCKS = YES;
				GCC_WARN_64_TO_32_BIT_CONVERSION = YES;
				GCC_WARN_ABOUT_RETURN_TYPE = YES_ERROR;
				GCC_WARN_UNDECLARED_SELECTOR = YES;
				GCC_WARN_UNINITIALIZED_AUTOS = YES_AGGRESSIVE;
				GCC_WARN_UNUSED_FUNCTION = YES;
				GCC_WARN_UNUSED_VARIABLE = YES;
				MTL_ENABLE_DEBUG_INFO = NO;
				MTL_FAST_MATH = YES;
				SWIFT_COMPILATION_MODE = wholemodule;
				SWIFT_OPTIMIZATION_LEVEL = "-O";
			};
			name = Release;
		};
		D8934C88296F016900A04BA5 /* Debug */ = {
			isa = XCBuildConfiguration;
			buildSettings = {
				ASSETCATALOG_COMPILER_APPICON_NAME = AppIcon;
				ASSETCATALOG_COMPILER_GLOBAL_ACCENT_COLOR_NAME = AccentColor;
				CODE_SIGN_ENTITLEMENTS = Tokipwnage/Tokipwnage.entitlements;
				CODE_SIGN_STYLE = Automatic;
				CURRENT_PROJECT_VERSION = 1;
				DEVELOPMENT_ASSET_PATHS = "\"Tokipwnage/Preview Content\"";
				DEVELOPMENT_TEAM = L9G66SYUL8;
				ENABLE_HARDENED_RUNTIME = YES;
				ENABLE_PREVIEWS = YES;
				GENERATE_INFOPLIST_FILE = YES;
				"INFOPLIST_KEY_UIApplicationSceneManifest_Generation[sdk=iphoneos*]" = YES;
				"INFOPLIST_KEY_UIApplicationSceneManifest_Generation[sdk=iphonesimulator*]" = YES;
				"INFOPLIST_KEY_UIApplicationSupportsIndirectInputEvents[sdk=iphoneos*]" = YES;
				"INFOPLIST_KEY_UIApplicationSupportsIndirectInputEvents[sdk=iphonesimulator*]" = YES;
				"INFOPLIST_KEY_UILaunchScreen_Generation[sdk=iphoneos*]" = YES;
				"INFOPLIST_KEY_UILaunchScreen_Generation[sdk=iphonesimulator*]" = YES;
				"INFOPLIST_KEY_UIStatusBarStyle[sdk=iphoneos*]" = UIStatusBarStyleDefault;
				"INFOPLIST_KEY_UIStatusBarStyle[sdk=iphonesimulator*]" = UIStatusBarStyleDefault;
				INFOPLIST_KEY_UISupportedInterfaceOrientations_iPad = "UIInterfaceOrientationPortrait UIInterfaceOrientationPortraitUpsideDown UIInterfaceOrientationLandscapeLeft UIInterfaceOrientationLandscapeRight";
				INFOPLIST_KEY_UISupportedInterfaceOrientations_iPhone = "UIInterfaceOrientationPortrait UIInterfaceOrientationLandscapeLeft UIInterfaceOrientationLandscapeRight";
				IPHONEOS_DEPLOYMENT_TARGET = 16.1;
				LD_RUNPATH_SEARCH_PATHS = "@executable_path/Frameworks";
				"LD_RUNPATH_SEARCH_PATHS[sdk=macosx*]" = "@executable_path/../Frameworks";
				MACOSX_DEPLOYMENT_TARGET = 13.0;
				MARKETING_VERSION = 1.0;
				PRODUCT_BUNDLE_IDENTIFIER = com.jimmyhoughjr.Tokipwnage;
				PRODUCT_NAME = "$(TARGET_NAME)";
				SDKROOT = auto;
				SUPPORTED_PLATFORMS = "iphoneos iphonesimulator macosx";
				SWIFT_EMIT_LOC_STRINGS = YES;
				SWIFT_VERSION = 5.0;
				TARGETED_DEVICE_FAMILY = "1,2";
			};
			name = Debug;
		};
		D8934C89296F016900A04BA5 /* Release */ = {
			isa = XCBuildConfiguration;
			buildSettings = {
				ASSETCATALOG_COMPILER_APPICON_NAME = AppIcon;
				ASSETCATALOG_COMPILER_GLOBAL_ACCENT_COLOR_NAME = AccentColor;
				CODE_SIGN_ENTITLEMENTS = Tokipwnage/Tokipwnage.entitlements;
				CODE_SIGN_STYLE = Automatic;
				CURRENT_PROJECT_VERSION = 1;
				DEVELOPMENT_ASSET_PATHS = "\"Tokipwnage/Preview Content\"";
				DEVELOPMENT_TEAM = L9G66SYUL8;
				ENABLE_HARDENED_RUNTIME = YES;
				ENABLE_PREVIEWS = YES;
				GENERATE_INFOPLIST_FILE = YES;
				"INFOPLIST_KEY_UIApplicationSceneManifest_Generation[sdk=iphoneos*]" = YES;
				"INFOPLIST_KEY_UIApplicationSceneManifest_Generation[sdk=iphonesimulator*]" = YES;
				"INFOPLIST_KEY_UIApplicationSupportsIndirectInputEvents[sdk=iphoneos*]" = YES;
				"INFOPLIST_KEY_UIApplicationSupportsIndirectInputEvents[sdk=iphonesimulator*]" = YES;
				"INFOPLIST_KEY_UILaunchScreen_Generation[sdk=iphoneos*]" = YES;
				"INFOPLIST_KEY_UILaunchScreen_Generation[sdk=iphonesimulator*]" = YES;
				"INFOPLIST_KEY_UIStatusBarStyle[sdk=iphoneos*]" = UIStatusBarStyleDefault;
				"INFOPLIST_KEY_UIStatusBarStyle[sdk=iphonesimulator*]" = UIStatusBarStyleDefault;
				INFOPLIST_KEY_UISupportedInterfaceOrientations_iPad = "UIInterfaceOrientationPortrait UIInterfaceOrientationPortraitUpsideDown UIInterfaceOrientationLandscapeLeft UIInterfaceOrientationLandscapeRight";
				INFOPLIST_KEY_UISupportedInterfaceOrientations_iPhone = "UIInterfaceOrientationPortrait UIInterfaceOrientationLandscapeLeft UIInterfaceOrientationLandscapeRight";
				IPHONEOS_DEPLOYMENT_TARGET = 16.1;
				LD_RUNPATH_SEARCH_PATHS = "@executable_path/Frameworks";
				"LD_RUNPATH_SEARCH_PATHS[sdk=macosx*]" = "@executable_path/../Frameworks";
				MACOSX_DEPLOYMENT_TARGET = 13.0;
				MARKETING_VERSION = 1.0;
				PRODUCT_BUNDLE_IDENTIFIER = com.jimmyhoughjr.Tokipwnage;
				PRODUCT_NAME = "$(TARGET_NAME)";
				SDKROOT = auto;
				SUPPORTED_PLATFORMS = "iphoneos iphonesimulator macosx";
				SWIFT_EMIT_LOC_STRINGS = YES;
				SWIFT_VERSION = 5.0;
				TARGETED_DEVICE_FAMILY = "1,2";
			};
			name = Release;
		};
		D8934C8B296F016900A04BA5 /* Debug */ = {
			isa = XCBuildConfiguration;
			buildSettings = {
				ALWAYS_EMBED_SWIFT_STANDARD_LIBRARIES = YES;
				BUNDLE_LOADER = "$(TEST_HOST)";
				CODE_SIGN_STYLE = Automatic;
				CURRENT_PROJECT_VERSION = 1;
				DEVELOPMENT_TEAM = L9G66SYUL8;
				GENERATE_INFOPLIST_FILE = YES;
				IPHONEOS_DEPLOYMENT_TARGET = 16.1;
				MACOSX_DEPLOYMENT_TARGET = 13.0;
				MARKETING_VERSION = 1.0;
				PRODUCT_BUNDLE_IDENTIFIER = com.jimmyhoughjr.TokipwnageTests;
				PRODUCT_NAME = "$(TARGET_NAME)";
				SDKROOT = auto;
				SUPPORTED_PLATFORMS = "iphoneos iphonesimulator macosx";
				SWIFT_EMIT_LOC_STRINGS = NO;
				SWIFT_VERSION = 5.0;
				TARGETED_DEVICE_FAMILY = "1,2";
				TEST_HOST = "$(BUILT_PRODUCTS_DIR)/Tokipwnage.app/$(BUNDLE_EXECUTABLE_FOLDER_PATH)/Tokipwnage";
			};
			name = Debug;
		};
		D8934C8C296F016900A04BA5 /* Release */ = {
			isa = XCBuildConfiguration;
			buildSettings = {
				ALWAYS_EMBED_SWIFT_STANDARD_LIBRARIES = YES;
				BUNDLE_LOADER = "$(TEST_HOST)";
				CODE_SIGN_STYLE = Automatic;
				CURRENT_PROJECT_VERSION = 1;
				DEVELOPMENT_TEAM = L9G66SYUL8;
				GENERATE_INFOPLIST_FILE = YES;
				IPHONEOS_DEPLOYMENT_TARGET = 16.1;
				MACOSX_DEPLOYMENT_TARGET = 13.0;
				MARKETING_VERSION = 1.0;
				PRODUCT_BUNDLE_IDENTIFIER = com.jimmyhoughjr.TokipwnageTests;
				PRODUCT_NAME = "$(TARGET_NAME)";
				SDKROOT = auto;
				SUPPORTED_PLATFORMS = "iphoneos iphonesimulator macosx";
				SWIFT_EMIT_LOC_STRINGS = NO;
				SWIFT_VERSION = 5.0;
				TARGETED_DEVICE_FAMILY = "1,2";
				TEST_HOST = "$(BUILT_PRODUCTS_DIR)/Tokipwnage.app/$(BUNDLE_EXECUTABLE_FOLDER_PATH)/Tokipwnage";
			};
			name = Release;
		};
		D8934C8E296F016900A04BA5 /* Debug */ = {
			isa = XCBuildConfiguration;
			buildSettings = {
				ALWAYS_EMBED_SWIFT_STANDARD_LIBRARIES = YES;
				CODE_SIGN_STYLE = Automatic;
				CURRENT_PROJECT_VERSION = 1;
				DEVELOPMENT_TEAM = L9G66SYUL8;
				GENERATE_INFOPLIST_FILE = YES;
				IPHONEOS_DEPLOYMENT_TARGET = 16.1;
				MACOSX_DEPLOYMENT_TARGET = 13.0;
				MARKETING_VERSION = 1.0;
				PRODUCT_BUNDLE_IDENTIFIER = com.jimmyhoughjr.TokipwnageUITests;
				PRODUCT_NAME = "$(TARGET_NAME)";
				SDKROOT = auto;
				SUPPORTED_PLATFORMS = "iphoneos iphonesimulator macosx";
				SWIFT_EMIT_LOC_STRINGS = NO;
				SWIFT_VERSION = 5.0;
				TARGETED_DEVICE_FAMILY = "1,2";
				TEST_TARGET_NAME = Tokipwnage;
			};
			name = Debug;
		};
		D8934C8F296F016900A04BA5 /* Release */ = {
			isa = XCBuildConfiguration;
			buildSettings = {
				ALWAYS_EMBED_SWIFT_STANDARD_LIBRARIES = YES;
				CODE_SIGN_STYLE = Automatic;
				CURRENT_PROJECT_VERSION = 1;
				DEVELOPMENT_TEAM = L9G66SYUL8;
				GENERATE_INFOPLIST_FILE = YES;
				IPHONEOS_DEPLOYMENT_TARGET = 16.1;
				MACOSX_DEPLOYMENT_TARGET = 13.0;
				MARKETING_VERSION = 1.0;
				PRODUCT_BUNDLE_IDENTIFIER = com.jimmyhoughjr.TokipwnageUITests;
				PRODUCT_NAME = "$(TARGET_NAME)";
				SDKROOT = auto;
				SUPPORTED_PLATFORMS = "iphoneos iphonesimulator macosx";
				SWIFT_EMIT_LOC_STRINGS = NO;
				SWIFT_VERSION = 5.0;
				TARGETED_DEVICE_FAMILY = "1,2";
				TEST_TARGET_NAME = Tokipwnage;
			};
			name = Release;
		};
/* End XCBuildConfiguration section */

/* Begin XCConfigurationList section */
		D8934C5D296F016700A04BA5 /* Build configuration list for PBXProject "Tokipwnage" */ = {
			isa = XCConfigurationList;
			buildConfigurations = (
				D8934C85296F016900A04BA5 /* Debug */,
				D8934C86296F016900A04BA5 /* Release */,
			);
			defaultConfigurationIsVisible = 0;
			defaultConfigurationName = Release;
		};
		D8934C87296F016900A04BA5 /* Build configuration list for PBXNativeTarget "Tokipwnage" */ = {
			isa = XCConfigurationList;
			buildConfigurations = (
				D8934C88296F016900A04BA5 /* Debug */,
				D8934C89296F016900A04BA5 /* Release */,
			);
			defaultConfigurationIsVisible = 0;
			defaultConfigurationName = Release;
		};
		D8934C8A296F016900A04BA5 /* Build configuration list for PBXNativeTarget "TokipwnageTests" */ = {
			isa = XCConfigurationList;
			buildConfigurations = (
				D8934C8B296F016900A04BA5 /* Debug */,
				D8934C8C296F016900A04BA5 /* Release */,
			);
			defaultConfigurationIsVisible = 0;
			defaultConfigurationName = Release;
		};
		D8934C8D296F016900A04BA5 /* Build configuration list for PBXNativeTarget "TokipwnageUITests" */ = {
			isa = XCConfigurationList;
			buildConfigurations = (
				D8934C8E296F016900A04BA5 /* Debug */,
				D8934C8F296F016900A04BA5 /* Release */,
			);
			defaultConfigurationIsVisible = 0;
			defaultConfigurationName = Release;
		};
/* End XCConfigurationList section */
	};
	rootObject = D8934C5A296F016700A04BA5 /* Project object */;
}
